{
  "originHash" : "94abd7c3a8fc9be299997436096bd8e6ff155b9913b16fe0a0986cd44732fbb6",
  "pins" : [
    {
      "identity" : "mentalist",
      "kind" : "remoteSourceControl",
      "location" : "https://github.com/enebin/Mentalist",
      "state" : {
        "revision" : "a41b36d21208675024debfb60ccdba22d6ca77f8",
        "version" : "0.1.2"
      }
    }
  ],
  "version" : 3
}
