// !$*UTF8*$!
{
	archiveVersion = 1;
	classes = {
	};
	objectVersion = 77;
	objects = {

/* Begin PBXBuildFile section */
		058A68602DED21C100AB8B21 /* Mentalist in Frameworks */ = {isa = PBXBuildFile; productRef = 058A685F2DED21C100AB8B21 /* Mentalist */; };
/* End PBXBuildFile section */

/* Begin PBXContainerItemProxy section */
		053682BF2DC5261700D1A266 /* PBXContainerItemProxy */ = {
			isa = PBXContainerItemProxy;
			containerPortal = 053682A52DC5261500D1A266 /* Project object */;
			proxyType = 1;
			remoteGlobalIDString = 053682AC2DC5261500D1A266;
			remoteInfo = COGNIXION_SPEAKYOURMIND;
		};
		053682C92DC5261700D1A266 /* PBXContainerItemProxy */ = {
			isa = PBXContainerItemProxy;
			containerPortal = 053682A52DC5261500D1A266 /* Project object */;
			proxyType = 1;
			remoteGlobalIDString = 053682AC2DC5261500D1A266;
			remoteInfo = COGNIXION_SPEAKYOURMIND;
		};
/* End PBXContainerItemProxy section */

/* Begin PBXFileReference section */
		053682AD2DC5261500D1A266 /* COGNIXION_SPEAKYOURMIND.app */ = {isa = PBXFileReference; explicitFileType = wrapper.application; includeInIndex = 0; path = COGNIXION_SPEAKYOURMIND.app; sourceTree = BUILT_PRODUCTS_DIR; };
		053682BE2DC5261700D1A266 /* COGNIXION_SPEAKYOURMINDTests.xctest */ = {isa = PBXFileReference; explicitFileType = wrapper.cfbundle; includeInIndex = 0; path = COGNIXION_SPEAKYOURMINDTests.xctest; sourceTree = BUILT_PRODUCTS_DIR; };
		053682C82DC5261700D1A266 /* COGNIXION_SPEAKYOURMINDUITests.xctest */ = {isa = PBXFileReference; explicitFileType = wrapper.cfbundle; includeInIndex = 0; path = COGNIXION_SPEAKYOURMINDUITests.xctest; sourceTree = BUILT_PRODUCTS_DIR; };
/* End PBXFileReference section */

/* Begin PBXFileSystemSynchronizedRootGroup section */
		053682AF2DC5261500D1A266 /* COGNIXION_SPEAKYOURMIND */ = {
			isa = PBXFileSystemSynchronizedRootGroup;
			path = COGNIXION_SPEAKYOURMIND;
			sourceTree = "<group>";
		};
		053682C12DC5261700D1A266 /* COGNIXION_SPEAKYOURMINDTests */ = {
			isa = PBXFileSystemSynchronizedRootGroup;
			path = COGNIXION_SPEAKYOURMINDTests;
			sourceTree = "<group>";
		};
		053682CB2DC5261700D1A266 /* COGNIXION_SPEAKYOURMINDUITests */ = {
			isa = PBXFileSystemSynchronizedRootGroup;
			path = COGNIXION_SPEAKYOURMINDUITests;
			sourceTree = "<group>";
		};
/* End PBXFileSystemSynchronizedRootGroup section */

/* Begin PBXFrameworksBuildPhase section */
		053682AA2DC5261500D1A266 /* Frameworks */ = {
			isa = PBXFrameworksBuildPhase;
			buildActionMask = 2147483647;
			files = (
				058A68602DED21C100AB8B21 /* Mentalist in Frameworks */,
			);
			runOnlyForDeploymentPostprocessing = 0;
		};
		053682BB2DC5261700D1A266 /* Frameworks */ = {
			isa = PBXFrameworksBuildPhase;
			buildActionMask = 2147483647;
			files = (
			);
			runOnlyForDeploymentPostprocessing = 0;
		};
		053682C52DC5261700D1A266 /* Frameworks */ = {
			isa = PBXFrameworksBuildPhase;
			buildActionMask = 2147483647;
			files = (
			);
			runOnlyForDeploymentPostprocessing = 0;
		};
/* End PBXFrameworksBuildPhase section */

/* Begin PBXGroup section */
		053682A42DC5261500D1A266 = {
			isa = PBXGroup;
			children = (
				053682AF2DC5261500D1A266 /* COGNIXION_SPEAKYOURMIND */,
				053682C12DC5261700D1A266 /* COGNIXION_SPEAKYOURMINDTests */,
				053682CB2DC5261700D1A266 /* COGNIXION_SPEAKYOURMINDUITests */,
				053682AE2DC5261500D1A266 /* Products */,
			);
			sourceTree = "<group>";
		};
		053682AE2DC5261500D1A266 /* Products */ = {
			isa = PBXGroup;
			children = (
				053682AD2DC5261500D1A266 /* COGNIXION_SPEAKYOURMIND.app */,
				053682BE2DC5261700D1A266 /* COGNIXION_SPEAKYOURMINDTests.xctest */,
				053682C82DC5261700D1A266 /* COGNIXION_SPEAKYOURMINDUITests.xctest */,
			);
			name = Products;
			sourceTree = "<group>";
		};
/* End PBXGroup section */

/* Begin PBXNativeTarget section */
		053682AC2DC5261500D1A266 /* COGNIXION_SPEAKYOURMIND */ = {
			isa = PBXNativeTarget;
			buildConfigurationList = 053682D22DC5261700D1A266 /* Build configuration list for PBXNativeTarget "COGNIXION_SPEAKYOURMIND" */;
			buildPhases = (
				053682A92DC5261500D1A266 /* Sources */,
				053682AA2DC5261500D1A266 /* Frameworks */,
				053682AB2DC5261500D1A266 /* Resources */,
			);
			buildRules = (
			);
			dependencies = (
			);
			fileSystemSynchronizedGroups = (
				053682AF2DC5261500D1A266 /* COGNIXION_SPEAKYOURMIND */,
			);
			name = COGNIXION_SPEAKYOURMIND;
			packageProductDependencies = (
				058A685F2DED21C100AB8B21 /* Mentalist */,
			);
			productName = COGNIXION_SPEAKYOURMIND;
			productReference = 053682AD2DC5261500D1A266 /* COGNIXION_SPEAKYOURMIND.app */;
			productType = "com.apple.product-type.application";
		};
		053682BD2DC5261700D1A266 /* COGNIXION_SPEAKYOURMINDTests */ = {
			isa = PBXNativeTarget;
			buildConfigurationList = 053682D52DC5261700D1A266 /* Build configuration list for PBXNativeTarget "COGNIXION_SPEAKYOURMINDTests" */;
			buildPhases = (
				053682BA2DC5261700D1A266 /* Sources */,
				053682BB2DC5261700D1A266 /* Frameworks */,
				053682BC2DC5261700D1A266 /* Resources */,
			);
			buildRules = (
			);
			dependencies = (
				053682C02DC5261700D1A266 /* PBXTargetDependency */,
			);
			fileSystemSynchronizedGroups = (
				053682C12DC5261700D1A266 /* COGNIXION_SPEAKYOURMINDTests */,
			);
			name = COGNIXION_SPEAKYOURMINDTests;
			packageProductDependencies = (
			);
			productName = COGNIXION_SPEAKYOURMINDTests;
			productReference = 053682BE2DC5261700D1A266 /* COGNIXION_SPEAKYOURMINDTests.xctest */;
			productType = "com.apple.product-type.bundle.unit-test";
		};
		053682C72DC5261700D1A266 /* COGNIXION_SPEAKYOURMINDUITests */ = {
			isa = PBXNativeTarget;
			buildConfigurationList = 053682D82DC5261700D1A266 /* Build configuration list for PBXNativeTarget "COGNIXION_SPEAKYOURMINDUITests" */;
			buildPhases = (
				053682C42DC5261700D1A266 /* Sources */,
				053682C52DC5261700D1A266 /* Frameworks */,
				053682C62DC5261700D1A266 /* Resources */,
			);
			buildRules = (
			);
			dependencies = (
				053682CA2DC5261700D1A266 /* PBXTargetDependency */,
			);
			fileSystemSynchronizedGroups = (
				053682CB2DC5261700D1A266 /* COGNIXION_SPEAKYOURMINDUITests */,
			);
			name = COGNIXION_SPEAKYOURMINDUITests;
			packageProductDependencies = (
			);
			productName = COGNIXION_SPEAKYOURMINDUITests;
			productReference = 053682C82DC5261700D1A266 /* COGNIXION_SPEAKYOURMINDUITests.xctest */;
			productType = "com.apple.product-type.bundle.ui-testing";
		};
/* End PBXNativeTarget section */

/* Begin PBXProject section */
		053682A52DC5261500D1A266 /* Project object */ = {
			isa = PBXProject;
			attributes = {
				BuildIndependentTargetsInParallel = 1;
				LastSwiftUpdateCheck = 1620;
				LastUpgradeCheck = 1620;
				TargetAttributes = {
					053682AC2DC5261500D1A266 = {
						CreatedOnToolsVersion = 16.2;
					};
					053682BD2DC5261700D1A266 = {
						CreatedOnToolsVersion = 16.2;
						TestTargetID = 053682AC2DC5261500D1A266;
					};
					053682C72DC5261700D1A266 = {
						CreatedOnToolsVersion = 16.2;
						TestTargetID = 053682AC2DC5261500D1A266;
					};
				};
			};
			buildConfigurationList = 053682A82DC5261500D1A266 /* Build configuration list for PBXProject "COGNIXION_SPEAKYOURMIND" */;
			developmentRegion = en;
			hasScannedForEncodings = 0;
			knownRegions = (
				en,
				Base,
			);
			mainGroup = 053682A42DC5261500D1A266;
			minimizedProjectReferenceProxies = 1;
			packageReferences = (
				058A685E2DED20C400AB8B21 /* XCRemoteSwiftPackageReference "Mentalist" */,
			);
			preferredProjectObjectVersion = 77;
			productRefGroup = 053682AE2DC5261500D1A266 /* Products */;
			projectDirPath = "";
			projectRoot = "";
			targets = (
				053682AC2DC5261500D1A266 /* COGNIXION_SPEAKYOURMIND */,
				053682BD2DC5261700D1A266 /* COGNIXION_SPEAKYOURMINDTests */,
				053682C72DC5261700D1A266 /* COGNIXION_SPEAKYOURMINDUITests */,
			);
		};
/* End PBXProject section */

/* Begin PBXResourcesBuildPhase section */
		053682AB2DC5261500D1A266 /* Resources */ = {
			isa = PBXResourcesBuildPhase;
			buildActionMask = 2147483647;
			files = (
			);
			runOnlyForDeploymentPostprocessing = 0;
		};
		053682BC2DC5261700D1A266 /* Resources */ = {
			isa = PBXResourcesBuildPhase;
			buildActionMask = 2147483647;
			files = (
			);
			runOnlyForDeploymentPostprocessing = 0;
		};
		053682C62DC5261700D1A266 /* Resources */ = {
			isa = PBXResourcesBuildPhase;
			buildActionMask = 2147483647;
			files = (
			);
			runOnlyForDeploymentPostprocessing = 0;
		};
/* End PBXResourcesBuildPhase section */

/* Begin PBXSourcesBuildPhase section */
		053682A92DC5261500D1A266 /* Sources */ = {
			isa = PBXSourcesBuildPhase;
			buildActionMask = 2147483647;
			files = (
			);
			runOnlyForDeploymentPostprocessing = 0;
		};
		053682BA2DC5261700D1A266 /* Sources */ = {
			isa = PBXSourcesBuildPhase;
			buildActionMask = 2147483647;
			files = (
			);
			runOnlyForDeploymentPostprocessing = 0;
		};
		053682C42DC5261700D1A266 /* Sources */ = {
			isa = PBXSourcesBuildPhase;
			buildActionMask = 2147483647;
			files = (
			);
			runOnlyForDeploymentPostprocessing = 0;
		};
/* End PBXSourcesBuildPhase section */

/* Begin PBXTargetDependency section */
		053682C02DC5261700D1A266 /* PBXTargetDependency */ = {
			isa = PBXTargetDependency;
			target = 053682AC2DC5261500D1A266 /* COGNIXION_SPEAKYOURMIND */;
			targetProxy = 053682BF2DC5261700D1A266 /* PBXContainerItemProxy */;
		};
		053682CA2DC5261700D1A266 /* PBXTargetDependency */ = {
			isa = PBXTargetDependency;
			target = 053682AC2DC5261500D1A266 /* COGNIXION_SPEAKYOURMIND */;
			targetProxy = 053682C92DC5261700D1A266 /* PBXContainerItemProxy */;
		};
/* End PBXTargetDependency section */

/* Begin XCBuildConfiguration section */
		053682D02DC5261700D1A266 /* Debug */ = {
			isa = XCBuildConfiguration;
			buildSettings = {
				ALWAYS_SEARCH_USER_PATHS = NO;
				ASSETCATALOG_COMPILER_GENERATE_SWIFT_ASSET_SYMBOL_EXTENSIONS = YES;
				CLANG_ANALYZER_NONNULL = YES;
				CLANG_ANALYZER_NUMBER_OBJECT_CONVERSION = YES_AGGRESSIVE;
				CLANG_CXX_LANGUAGE_STANDARD = "gnu++20";
				CLANG_ENABLE_MODULES = YES;
				CLANG_ENABLE_OBJC_ARC = YES;
				CLANG_ENABLE_OBJC_WEAK = YES;
				CLANG_WARN_BLOCK_CAPTURE_AUTORELEASING = YES;
				CLANG_WARN_BOOL_CONVERSION = YES;
				CLANG_WARN_COMMA = YES;
				CLANG_WARN_CONSTANT_CONVERSION = YES;
				CLANG_WARN_DEPRECATED_OBJC_IMPLEMENTATIONS = YES;
				CLANG_WARN_DIRECT_OBJC_ISA_USAGE = YES_ERROR;
				CLANG_WARN_DOCUMENTATION_COMMENTS = YES;
				CLANG_WARN_EMPTY_BODY = YES;
				CLANG_WARN_ENUM_CONVERSION = YES;
				CLANG_WARN_INFINITE_RECURSION = YES;
				CLANG_WARN_INT_CONVERSION = YES;
				CLANG_WARN_NON_LITERAL_NULL_CONVERSION = YES;
				CLANG_WARN_OBJC_IMPLICIT_RETAIN_SELF = YES;
				CLANG_WARN_OBJC_LITERAL_CONVERSION = YES;
				CLANG_WARN_OBJC_ROOT_CLASS = YES_ERROR;
				CLANG_WARN_QUOTED_INCLUDE_IN_FRAMEWORK_HEADER = YES;
				CLANG_WARN_RANGE_LOOP_ANALYSIS = YES;
				CLANG_WARN_STRICT_PROTOTYPES = YES;
				CLANG_WARN_SUSPICIOUS_MOVE = YES;
				CLANG_WARN_UNGUARDED_AVAILABILITY = YES_AGGRESSIVE;
				CLANG_WARN_UNREACHABLE_CODE = YES;
				CLANG_WARN__DUPLICATE_METHOD_MATCH = YES;
				COPY_PHASE_STRIP = NO;
				DEBUG_INFORMATION_FORMAT = dwarf;
				ENABLE_STRICT_OBJC_MSGSEND = YES;
				ENABLE_TESTABILITY = YES;
				ENABLE_USER_SCRIPT_SANDBOXING = YES;
				GCC_C_LANGUAGE_STANDARD = gnu17;
				GCC_DYNAMIC_NO_PIC = NO;
				GCC_NO_COMMON_BLOCKS = YES;
				GCC_OPTIMIZATION_LEVEL = 0;
				GCC_PREPROCESSOR_DEFINITIONS = (
					"DEBUG=1",
					"$(inherited)",
				);
				GCC_WARN_64_TO_32_BIT_CONVERSION = YES;
				GCC_WARN_ABOUT_RETURN_TYPE = YES_ERROR;
				GCC_WARN_UNDECLARED_SELECTOR = YES;
				GCC_WARN_UNINITIALIZED_AUTOS = YES_AGGRESSIVE;
				GCC_WARN_UNUSED_FUNCTION = YES;
				GCC_WARN_UNUSED_VARIABLE = YES;
				LOCALIZATION_PREFERS_STRING_CATALOGS = YES;
				MTL_ENABLE_DEBUG_INFO = INCLUDE_SOURCE;
				MTL_FAST_MATH = YES;
				ONLY_ACTIVE_ARCH = YES;
				SWIFT_ACTIVE_COMPILATION_CONDITIONS = "DEBUG $(inherited)";
				SWIFT_OPTIMIZATION_LEVEL = "-Onone";
			};
			name = Debug;
		};
		053682D12DC5261700D1A266 /* Release */ = {
			isa = XCBuildConfiguration;
			buildSettings = {
				ALWAYS_SEARCH_USER_PATHS = NO;
				ASSETCATALOG_COMPILER_GENERATE_SWIFT_ASSET_SYMBOL_EXTENSIONS = YES;
				CLANG_ANALYZER_NONNULL = YES;
				CLANG_ANALYZER_NUMBER_OBJECT_CONVERSION = YES_AGGRESSIVE;
				CLANG_CXX_LANGUAGE_STANDARD = "gnu++20";
				CLANG_ENABLE_MODULES = YES;
				CLANG_ENABLE_OBJC_ARC = YES;
				CLANG_ENABLE_OBJC_WEAK = YES;
				CLANG_WARN_BLOCK_CAPTURE_AUTORELEASING = YES;
				CLANG_WARN_BOOL_CONVERSION = YES;
				CLANG_WARN_COMMA = YES;
				CLANG_WARN_CONSTANT_CONVERSION = YES;
				CLANG_WARN_DEPRECATED_OBJC_IMPLEMENTATIONS = YES;
				CLANG_WARN_DIRECT_OBJC_ISA_USAGE = YES_ERROR;
				CLANG_WARN_DOCUMENTATION_COMMENTS = YES;
				CLANG_WARN_EMPTY_BODY = YES;
				CLANG_WARN_ENUM_CONVERSION = YES;
				CLANG_WARN_INFINITE_RECURSION = YES;
				CLANG_WARN_INT_CONVERSION = YES;
				CLANG_WARN_NON_LITERAL_NULL_CONVERSION = YES;
				CLANG_WARN_OBJC_IMPLICIT_RETAIN_SELF = YES;
				CLANG_WARN_OBJC_LITERAL_CONVERSION = YES;
				CLANG_WARN_OBJC_ROOT_CLASS = YES_ERROR;
				CLANG_WARN_QUOTED_INCLUDE_IN_FRAMEWORK_HEADER = YES;
				CLANG_WARN_RANGE_LOOP_ANALYSIS = YES;
				CLANG_WARN_STRICT_PROTOTYPES = YES;
				CLANG_WARN_SUSPICIOUS_MOVE = YES;
				CLANG_WARN_UNGUARDED_AVAILABILITY = YES_AGGRESSIVE;
				CLANG_WARN_UNREACHABLE_CODE = YES;
				CLANG_WARN__DUPLICATE_METHOD_MATCH = YES;
				COPY_PHASE_STRIP = NO;
				DEBUG_INFORMATION_FORMAT = "dwarf-with-dsym";
				ENABLE_NS_ASSERTIONS = NO;
				ENABLE_STRICT_OBJC_MSGSEND = YES;
				ENABLE_USER_SCRIPT_SANDBOXING = YES;
				GCC_C_LANGUAGE_STANDARD = gnu17;
				GCC_NO_COMMON_BLOCKS = YES;
				GCC_WARN_64_TO_32_BIT_CONVERSION = YES;
				GCC_WARN_ABOUT_RETURN_TYPE = YES_ERROR;
				GCC_WARN_UNDECLARED_SELECTOR = YES;
				GCC_WARN_UNINITIALIZED_AUTOS = YES_AGGRESSIVE;
				GCC_WARN_UNUSED_FUNCTION = YES;
				GCC_WARN_UNUSED_VARIABLE = YES;
				LOCALIZATION_PREFERS_STRING_CATALOGS = YES;
				MTL_ENABLE_DEBUG_INFO = NO;
				MTL_FAST_MATH = YES;
				SWIFT_COMPILATION_MODE = wholemodule;
			};
			name = Release;
		};
		053682D32DC5261700D1A266 /* Debug */ = {
			isa = XCBuildConfiguration;
			buildSettings = {
				ASSETCATALOG_COMPILER_APPICON_NAME = AppIcon;
				ASSETCATALOG_COMPILER_GLOBAL_ACCENT_COLOR_NAME = AccentColor;
				CODE_SIGN_ENTITLEMENTS = COGNIXION_SPEAKYOURMIND/COGNIXION_SPEAKYOURMIND.entitlements;
				CODE_SIGN_STYLE = Automatic;
				CURRENT_PROJECT_VERSION = 1;
				DEVELOPMENT_ASSET_PATHS = "\"COGNIXION_SPEAKYOURMIND/Preview Content\"";
				DEVELOPMENT_TEAM = 5D4QXLFP69;
				ENABLE_PREVIEWS = YES;
				GENERATE_INFOPLIST_FILE = YES;
				INFOPLIST_FILE = "COGNIXION-SPEAKYOURMIND-Info.plist";
				INFOPLIST_KEY_NSCameraUsageDescription = "This app requires access to the camera for eye tracking functionality.";
				"INFOPLIST_KEY_UIApplicationSceneManifest_Generation[sdk=iphoneos*]" = YES;
				"INFOPLIST_KEY_UIApplicationSceneManifest_Generation[sdk=iphonesimulator*]" = YES;
				"INFOPLIST_KEY_UIApplicationSupportsIndirectInputEvents[sdk=iphoneos*]" = YES;
				"INFOPLIST_KEY_UIApplicationSupportsIndirectInputEvents[sdk=iphonesimulator*]" = YES;
				"INFOPLIST_KEY_UILaunchScreen_Generation[sdk=iphoneos*]" = YES;
				"INFOPLIST_KEY_UILaunchScreen_Generation[sdk=iphonesimulator*]" = YES;
				"INFOPLIST_KEY_UIStatusBarStyle[sdk=iphoneos*]" = UIStatusBarStyleDefault;
				"INFOPLIST_KEY_UIStatusBarStyle[sdk=iphonesimulator*]" = UIStatusBarStyleDefault;
				INFOPLIST_KEY_UISupportedInterfaceOrientations_iPad = "UIInterfaceOrientationPortrait UIInterfaceOrientationPortraitUpsideDown UIInterfaceOrientationLandscapeLeft UIInterfaceOrientationLandscapeRight";
				INFOPLIST_KEY_UISupportedInterfaceOrientations_iPhone = "UIInterfaceOrientationPortrait UIInterfaceOrientationLandscapeLeft UIInterfaceOrientationLandscapeRight";
				IPHONEOS_DEPLOYMENT_TARGET = 18.2;
				LD_RUNPATH_SEARCH_PATHS = "@executable_path/Frameworks";
				"LD_RUNPATH_SEARCH_PATHS[sdk=macosx*]" = "@executable_path/../Frameworks";
				MACOSX_DEPLOYMENT_TARGET = 15.1;
				MARKETING_VERSION = 1.0;
				PRODUCT_BUNDLE_IDENTIFIER = "Dristi.COGNIXION-SPEAKYOURMIND";
				PRODUCT_NAME = "$(TARGET_NAME)";
				SDKROOT = auto;
				SUPPORTED_PLATFORMS = "iphoneos iphonesimulator macosx xros xrsimulator";
				SWIFT_EMIT_LOC_STRINGS = YES;
				SWIFT_VERSION = 5.0;
				TARGETED_DEVICE_FAMILY = "1,2,7";
				XROS_DEPLOYMENT_TARGET = 2.2;
			};
			name = Debug;
		};
		053682D42DC5261700D1A266 /* Release */ = {
			isa = XCBuildConfiguration;
			buildSettings = {
				ASSETCATALOG_COMPILER_APPICON_NAME = AppIcon;
				ASSETCATALOG_COMPILER_GLOBAL_ACCENT_COLOR_NAME = AccentColor;
				CODE_SIGN_ENTITLEMENTS = COGNIXION_SPEAKYOURMIND/COGNIXION_SPEAKYOURMIND.entitlements;
				CODE_SIGN_STYLE = Automatic;
				CURRENT_PROJECT_VERSION = 1;
				DEVELOPMENT_ASSET_PATHS = "\"COGNIXION_SPEAKYOURMIND/Preview Content\"";
				DEVELOPMENT_TEAM = 5D4QXLFP69;
				ENABLE_PREVIEWS = YES;
				GENERATE_INFOPLIST_FILE = YES;
				INFOPLIST_FILE = "COGNIXION-SPEAKYOURMIND-Info.plist";
				INFOPLIST_KEY_NSCameraUsageDescription = "This app requires access to the camera for eye tracking functionality.";
				"INFOPLIST_KEY_UIApplicationSceneManifest_Generation[sdk=iphoneos*]" = YES;
				"INFOPLIST_KEY_UIApplicationSceneManifest_Generation[sdk=iphonesimulator*]" = YES;
				"INFOPLIST_KEY_UIApplicationSupportsIndirectInputEvents[sdk=iphoneos*]" = YES;
				"INFOPLIST_KEY_UIApplicationSupportsIndirectInputEvents[sdk=iphonesimulator*]" = YES;
				"INFOPLIST_KEY_UILaunchScreen_Generation[sdk=iphoneos*]" = YES;
				"INFOPLIST_KEY_UILaunchScreen_Generation[sdk=iphonesimulator*]" = YES;
				"INFOPLIST_KEY_UIStatusBarStyle[sdk=iphoneos*]" = UIStatusBarStyleDefault;
				"INFOPLIST_KEY_UIStatusBarStyle[sdk=iphonesimulator*]" = UIStatusBarStyleDefault;
				INFOPLIST_KEY_UISupportedInterfaceOrientations_iPad = "UIInterfaceOrientationPortrait UIInterfaceOrientationPortraitUpsideDown UIInterfaceOrientationLandscapeLeft UIInterfaceOrientationLandscapeRight";
				INFOPLIST_KEY_UISupportedInterfaceOrientations_iPhone = "UIInterfaceOrientationPortrait UIInterfaceOrientationLandscapeLeft UIInterfaceOrientationLandscapeRight";
				IPHONEOS_DEPLOYMENT_TARGET = 18.2;
				LD_RUNPATH_SEARCH_PATHS = "@executable_path/Frameworks";
				"LD_RUNPATH_SEARCH_PATHS[sdk=macosx*]" = "@executable_path/../Frameworks";
				MACOSX_DEPLOYMENT_TARGET = 15.1;
				MARKETING_VERSION = 1.0;
				PRODUCT_BUNDLE_IDENTIFIER = "Dristi.COGNIXION-SPEAKYOURMIND";
				PRODUCT_NAME = "$(TARGET_NAME)";
				SDKROOT = auto;
				SUPPORTED_PLATFORMS = "iphoneos iphonesimulator macosx xros xrsimulator";
				SWIFT_EMIT_LOC_STRINGS = YES;
				SWIFT_VERSION = 5.0;
				TARGETED_DEVICE_FAMILY = "1,2,7";
				XROS_DEPLOYMENT_TARGET = 2.2;
			};
			name = Release;
		};
		053682D62DC5261700D1A266 /* Debug */ = {
			isa = XCBuildConfiguration;
			buildSettings = {
				BUNDLE_LOADER = "$(TEST_HOST)";
				CODE_SIGN_STYLE = Automatic;
				CURRENT_PROJECT_VERSION = 1;
				GENERATE_INFOPLIST_FILE = YES;
				IPHONEOS_DEPLOYMENT_TARGET = 18.2;
				MACOSX_DEPLOYMENT_TARGET = 15.1;
				MARKETING_VERSION = 1.0;
				PRODUCT_BUNDLE_IDENTIFIER = "Dristi.COGNIXION-SPEAKYOURMINDTests";
				PRODUCT_NAME = "$(TARGET_NAME)";
				SDKROOT = auto;
				SUPPORTED_PLATFORMS = "iphoneos iphonesimulator macosx xros xrsimulator";
				SWIFT_EMIT_LOC_STRINGS = NO;
				SWIFT_VERSION = 5.0;
				TARGETED_DEVICE_FAMILY = "1,2,7";
				TEST_HOST = "$(BUILT_PRODUCTS_DIR)/COGNIXION_SPEAKYOURMIND.app/$(BUNDLE_EXECUTABLE_FOLDER_PATH)/COGNIXION_SPEAKYOURMIND";
				XROS_DEPLOYMENT_TARGET = 2.2;
			};
			name = Debug;
		};
		053682D72DC5261700D1A266 /* Release */ = {
			isa = XCBuildConfiguration;
			buildSettings = {
				BUNDLE_LOADER = "$(TEST_HOST)";
				CODE_SIGN_STYLE = Automatic;
				CURRENT_PROJECT_VERSION = 1;
				GENERATE_INFOPLIST_FILE = YES;
				IPHONEOS_DEPLOYMENT_TARGET = 18.2;
				MACOSX_DEPLOYMENT_TARGET = 15.1;
				MARKETING_VERSION = 1.0;
				PRODUCT_BUNDLE_IDENTIFIER = "Dristi.COGNIXION-SPEAKYOURMINDTests";
				PRODUCT_NAME = "$(TARGET_NAME)";
				SDKROOT = auto;
				SUPPORTED_PLATFORMS = "iphoneos iphonesimulator macosx xros xrsimulator";
				SWIFT_EMIT_LOC_STRINGS = NO;
				SWIFT_VERSION = 5.0;
				TARGETED_DEVICE_FAMILY = "1,2,7";
				TEST_HOST = "$(BUILT_PRODUCTS_DIR)/COGNIXION_SPEAKYOURMIND.app/$(BUNDLE_EXECUTABLE_FOLDER_PATH)/COGNIXION_SPEAKYOURMIND";
				XROS_DEPLOYMENT_TARGET = 2.2;
			};
			name = Release;
		};
		053682D92DC5261700D1A266 /* Debug */ = {
			isa = XCBuildConfiguration;
			buildSettings = {
				CODE_SIGN_STYLE = Automatic;
				CURRENT_PROJECT_VERSION = 1;
				GENERATE_INFOPLIST_FILE = YES;
				IPHONEOS_DEPLOYMENT_TARGET = 18.2;
				MACOSX_DEPLOYMENT_TARGET = 15.1;
				MARKETING_VERSION = 1.0;
				PRODUCT_BUNDLE_IDENTIFIER = "Dristi.COGNIXION-SPEAKYOURMINDUITests";
				PRODUCT_NAME = "$(TARGET_NAME)";
				SDKROOT = auto;
				SUPPORTED_PLATFORMS = "iphoneos iphonesimulator macosx xros xrsimulator";
				SWIFT_EMIT_LOC_STRINGS = NO;
				SWIFT_VERSION = 5.0;
				TARGETED_DEVICE_FAMILY = "1,2,7";
				TEST_TARGET_NAME = COGNIXION_SPEAKYOURMIND;
				XROS_DEPLOYMENT_TARGET = 2.2;
			};
			name = Debug;
		};
		053682DA2DC5261700D1A266 /* Release */ = {
			isa = XCBuildConfiguration;
			buildSettings = {
				CODE_SIGN_STYLE = Automatic;
				CURRENT_PROJECT_VERSION = 1;
				GENERATE_INFOPLIST_FILE = YES;
				IPHONEOS_DEPLOYMENT_TARGET = 18.2;
				MACOSX_DEPLOYMENT_TARGET = 15.1;
				MARKETING_VERSION = 1.0;
				PRODUCT_BUNDLE_IDENTIFIER = "Dristi.COGNIXION-SPEAKYOURMINDUITests";
				PRODUCT_NAME = "$(TARGET_NAME)";
				SDKROOT = auto;
				SUPPORTED_PLATFORMS = "iphoneos iphonesimulator macosx xros xrsimulator";
				SWIFT_EMIT_LOC_STRINGS = NO;
				SWIFT_VERSION = 5.0;
				TARGETED_DEVICE_FAMILY = "1,2,7";
				TEST_TARGET_NAME = COGNIXION_SPEAKYOURMIND;
				XROS_DEPLOYMENT_TARGET = 2.2;
			};
			name = Release;
		};
/* End XCBuildConfiguration section */

/* Begin XCConfigurationList section */
		053682A82DC5261500D1A266 /* Build configuration list for PBXProject "COGNIXION_SPEAKYOURMIND" */ = {
			isa = XCConfigurationList;
			buildConfigurations = (
				053682D02DC5261700D1A266 /* Debug */,
				053682D12DC5261700D1A266 /* Release */,
			);
			defaultConfigurationIsVisible = 0;
			defaultConfigurationName = Release;
		};
		053682D22DC5261700D1A266 /* Build configuration list for PBXNativeTarget "COGNIXION_SPEAKYOURMIND" */ = {
			isa = XCConfigurationList;
			buildConfigurations = (
				053682D32DC5261700D1A266 /* Debug */,
				053682D42DC5261700D1A266 /* Release */,
			);
			defaultConfigurationIsVisible = 0;
			defaultConfigurationName = Release;
		};
		053682D52DC5261700D1A266 /* Build configuration list for PBXNativeTarget "COGNIXION_SPEAKYOURMINDTests" */ = {
			isa = XCConfigurationList;
			buildConfigurations = (
				053682D62DC5261700D1A266 /* Debug */,
				053682D72DC5261700D1A266 /* Release */,
			);
			defaultConfigurationIsVisible = 0;
			defaultConfigurationName = Release;
		};
		053682D82DC5261700D1A266 /* Build configuration list for PBXNativeTarget "COGNIXION_SPEAKYOURMINDUITests" */ = {
			isa = XCConfigurationList;
			buildConfigurations = (
				053682D92DC5261700D1A266 /* Debug */,
				053682DA2DC5261700D1A266 /* Release */,
			);
			defaultConfigurationIsVisible = 0;
			defaultConfigurationName = Release;
		};
/* End XCConfigurationList section */

/* Begin XCRemoteSwiftPackageReference section */
		058A685E2DED20C400AB8B21 /* XCRemoteSwiftPackageReference "Mentalist" */ = {
			isa = XCRemoteSwiftPackageReference;
			repositoryURL = "https://github.com/enebin/Mentalist";
			requirement = {
				kind = upToNextMajorVersion;
				minimumVersion = 0.1.2;
			};
		};
/* End XCRemoteSwiftPackageReference section */

/* Begin XCSwiftPackageProductDependency section */
		058A685F2DED21C100AB8B21 /* Mentalist */ = {
			isa = XCSwiftPackageProductDependency;
			package = 058A685E2DED20C400AB8B21 /* XCRemoteSwiftPackageReference "Mentalist" */;
			productName = Mentalist;
		};
/* End XCSwiftPackageProductDependency section */
	};
	rootObject = 053682A52DC5261500D1A266 /* Project object */;
}
